
Microsoft Visual Studio Solution File, Format Version 12.00
# Visual Studio Version 16
VisualStudioVersion = 16.0.29102.190
MinimumVisualStudioVersion = 10.0.40219.1
Project("{00D1A9C2-B5F0-4AF3-8072-F6C62B433612}") = "Database6", "Database6\Database6.sqlproj", "{4590C936-5BE8-4565-8FBD-C614237482B9}"
EndProject
Project("{FAE04EC0-301F-11D3-BF4B-00C04F79EFBC}") = "ClassLibrary1", "..\ClassLibrary1\ClassLibrary1\ClassLibrary1.csproj", "{EFF6851B-D362-4EEF-9262-7A76A5C6AC43}"
EndProject
Global
	GlobalSection(SolutionConfigurationPlatforms) = preSolution
		Debug|Any CPU = Debug|Any CPU
		Release|Any CPU = Release|Any CPU
	EndGlobalSection
	GlobalSection(ProjectConfigurationPlatforms) = postSolution
		{4590C936-5BE8-4565-8FBD-C614237482B9}.Debug|Any CPU.ActiveCfg = Debug|Any CPU
		{4590C936-5BE8-4565-8FBD-C614237482B9}.Debug|Any CPU.Build.0 = Debug|Any CPU
		{4590C936-5BE8-4565-8FBD-C614237482B9}.Debug|Any CPU.Deploy.0 = Debug|Any CPU
		{4590C936-5BE8-4565-8FBD-C614237482B9}.Release|Any CPU.ActiveCfg = Release|Any CPU
		{4590C936-5BE8-4565-8FBD-C614237482B9}.Release|Any CPU.Build.0 = Release|Any CPU
		{4590C936-5BE8-4565-8FBD-C614237482B9}.Release|Any CPU.Deploy.0 = Release|Any CPU
		{EFF6851B-D362-4EEF-9262-7A76A5C6AC43}.Debug|Any CPU.ActiveCfg = Debug|Any CPU
		{EFF6851B-D362-4EEF-9262-7A76A5C6AC43}.Debug|Any CPU.Build.0 = Debug|Any CPU
		{EFF6851B-D362-4EEF-9262-7A76A5C6AC43}.Release|Any CPU.ActiveCfg = Release|Any CPU
		{EFF6851B-D362-4EEF-9262-7A76A5C6AC43}.Release|Any CPU.Build.0 = Release|Any CPU
	EndGlobalSection
	GlobalSection(SolutionProperties) = preSolution
		HideSolutionNode = FALSE
	EndGlobalSection
	GlobalSection(ExtensibilityGlobals) = postSolution
		SolutionGuid = {6492CF63-D754-4C76-8391-FBC0490BDA06}
	EndGlobalSection
EndGlobal
