
Microsoft Visual Studio Solution File, Format Version 12.00
# Visual Studio Version 16
VisualStudioVersion = 16.0.29102.190
MinimumVisualStudioVersion = 10.0.40219.1
Project("{00D1A9C2-B5F0-4AF3-8072-F6C62B433612}") = "Database6", "Database6\Database6.sqlproj", "{4590C936-5BE8-4565-8FBD-C614237482B9}"
EndProject
Project("{FAE04EC0-301F-11D3-BF4B-00C04F79EFBC}") = "ClassLibrary1", "ClassLibrary1\ClassLibrary1.csproj", "{EFF6851B-D362-4EEF-9262-7A76A5C6AC43}"
EndProject
Project("{FAE04EC0-301F-11D3-BF4B-00C04F79EFBC}") = "ClassLibrary2", "ClassLibrary2\ClassLibrary2.csproj", "{38DDC105-88DA-4B62-A411-4A96FF5B21B7}"
EndProject
Project("{FAE04EC0-301F-11D3-BF4B-00C04F79EFBC}") = "ClassLibrary3", "ClassLibrary3\ClassLibrary3.csproj", "{D9524623-B191-41B7-8A4A-77A7FD7AE28C}"
EndProject
Project("{FAE04EC0-301F-11D3-BF4B-00C04F79EFBC}") = "ClassLibrary4", "ClassLibrary4\ClassLibrary4.csproj", "{446C289D-A884-448E-A59A-70D733D5AC7F}"
EndProject
Project("{FAE04EC0-301F-11D3-BF4B-00C04F79EFBC}") = "ClassLibrary5", "ClassLibrary5\ClassLibrary5.csproj", "{7EFDF4E5-99A2-4581-B9FE-04C710D58917}"
EndProject
Project("{00D1A9C2-B5F0-4AF3-8072-F6C62B433612}") = "WingtipCatalogDB", "WingtipCatalogDB\WingtipCatalogDB.sqlproj", "{4B507A49-A738-4808-82F8-75E5E5491D03}"
EndProject
Project("{00D1A9C2-B5F0-4AF3-8072-F6C62B433612}") = "WingtipMultiTenantDB", "WingtipMultiTenantDB\WingtipMultiTenantDB.sqlproj", "{934671F2-B265-4B54-8A8E-0DF25970DE92}"
EndProject
Project("{00D1A9C2-B5F0-4AF3-8072-F6C62B433612}") = "WingtipTenantDB", "WingtipTenantDB\WingtipTenantDB.sqlproj", "{7CB694E8-3EB8-4633-8886-1B1829C79751}"
EndProject
Project("{00D1A9C2-B5F0-4AF3-8072-F6C62B433612}") = "Database7", "Database7\Database7.sqlproj", "{76038BE4-5F49-4867-8D91-B654DAD678DB}"
EndProject
Project("{00D1A9C2-B5F0-4AF3-8072-F6C62B433612}") = "Database8", "Database8\Database8.sqlproj", "{94AD7599-59B9-4EB4-B603-9530646519CF}"
EndProject
Project("{00D1A9C2-B5F0-4AF3-8072-F6C62B433612}") = "Database9", "Database9\Database9.sqlproj", "{8FBA77D2-0CE4-4CCF-BBE9-AB45703ED898}"
EndProject
Global
	GlobalSection(SolutionConfigurationPlatforms) = preSolution
		Debug|Any CPU = Debug|Any CPU
		Release|Any CPU = Release|Any CPU
	EndGlobalSection
	GlobalSection(ProjectConfigurationPlatforms) = postSolution
		{4590C936-5BE8-4565-8FBD-C614237482B9}.Debug|Any CPU.ActiveCfg = Debug|Any CPU
		{4590C936-5BE8-4565-8FBD-C614237482B9}.Debug|Any CPU.Build.0 = Debug|Any CPU
		{4590C936-5BE8-4565-8FBD-C614237482B9}.Debug|Any CPU.Deploy.0 = Debug|Any CPU
		{4590C936-5BE8-4565-8FBD-C614237482B9}.Release|Any CPU.ActiveCfg = Release|Any CPU
		{4590C936-5BE8-4565-8FBD-C614237482B9}.Release|Any CPU.Build.0 = Release|Any CPU
		{4590C936-5BE8-4565-8FBD-C614237482B9}.Release|Any CPU.Deploy.0 = Release|Any CPU
		{EFF6851B-D362-4EEF-9262-7A76A5C6AC43}.Debug|Any CPU.ActiveCfg = Debug|Any CPU
		{EFF6851B-D362-4EEF-9262-7A76A5C6AC43}.Debug|Any CPU.Build.0 = Debug|Any CPU
		{EFF6851B-D362-4EEF-9262-7A76A5C6AC43}.Release|Any CPU.ActiveCfg = Release|Any CPU
		{EFF6851B-D362-4EEF-9262-7A76A5C6AC43}.Release|Any CPU.Build.0 = Release|Any CPU
		{38DDC105-88DA-4B62-A411-4A96FF5B21B7}.Debug|Any CPU.ActiveCfg = Debug|Any CPU
		{38DDC105-88DA-4B62-A411-4A96FF5B21B7}.Debug|Any CPU.Build.0 = Debug|Any CPU
		{38DDC105-88DA-4B62-A411-4A96FF5B21B7}.Release|Any CPU.ActiveCfg = Release|Any CPU
		{38DDC105-88DA-4B62-A411-4A96FF5B21B7}.Release|Any CPU.Build.0 = Release|Any CPU
		{D9524623-B191-41B7-8A4A-77A7FD7AE28C}.Debug|Any CPU.ActiveCfg = Debug|Any CPU
		{D9524623-B191-41B7-8A4A-77A7FD7AE28C}.Debug|Any CPU.Build.0 = Debug|Any CPU
		{D9524623-B191-41B7-8A4A-77A7FD7AE28C}.Release|Any CPU.ActiveCfg = Release|Any CPU
		{D9524623-B191-41B7-8A4A-77A7FD7AE28C}.Release|Any CPU.Build.0 = Release|Any CPU
		{446C289D-A884-448E-A59A-70D733D5AC7F}.Debug|Any CPU.ActiveCfg = Debug|Any CPU
		{446C289D-A884-448E-A59A-70D733D5AC7F}.Debug|Any CPU.Build.0 = Debug|Any CPU
		{446C289D-A884-448E-A59A-70D733D5AC7F}.Release|Any CPU.ActiveCfg = Release|Any CPU
		{446C289D-A884-448E-A59A-70D733D5AC7F}.Release|Any CPU.Build.0 = Release|Any CPU
		{7EFDF4E5-99A2-4581-B9FE-04C710D58917}.Debug|Any CPU.ActiveCfg = Debug|Any CPU
		{7EFDF4E5-99A2-4581-B9FE-04C710D58917}.Debug|Any CPU.Build.0 = Debug|Any CPU
		{7EFDF4E5-99A2-4581-B9FE-04C710D58917}.Release|Any CPU.ActiveCfg = Release|Any CPU
		{7EFDF4E5-99A2-4581-B9FE-04C710D58917}.Release|Any CPU.Build.0 = Release|Any CPU
		{4B507A49-A738-4808-82F8-75E5E5491D03}.Debug|Any CPU.ActiveCfg = Debug|Any CPU
		{4B507A49-A738-4808-82F8-75E5E5491D03}.Debug|Any CPU.Build.0 = Debug|Any CPU
		{4B507A49-A738-4808-82F8-75E5E5491D03}.Debug|Any CPU.Deploy.0 = Debug|Any CPU
		{4B507A49-A738-4808-82F8-75E5E5491D03}.Release|Any CPU.ActiveCfg = Release|Any CPU
		{4B507A49-A738-4808-82F8-75E5E5491D03}.Release|Any CPU.Build.0 = Release|Any CPU
		{4B507A49-A738-4808-82F8-75E5E5491D03}.Release|Any CPU.Deploy.0 = Release|Any CPU
		{934671F2-B265-4B54-8A8E-0DF25970DE92}.Debug|Any CPU.ActiveCfg = Debug|Any CPU
		{934671F2-B265-4B54-8A8E-0DF25970DE92}.Debug|Any CPU.Build.0 = Debug|Any CPU
		{934671F2-B265-4B54-8A8E-0DF25970DE92}.Debug|Any CPU.Deploy.0 = Debug|Any CPU
		{934671F2-B265-4B54-8A8E-0DF25970DE92}.Release|Any CPU.ActiveCfg = Release|Any CPU
		{934671F2-B265-4B54-8A8E-0DF25970DE92}.Release|Any CPU.Build.0 = Release|Any CPU
		{934671F2-B265-4B54-8A8E-0DF25970DE92}.Release|Any CPU.Deploy.0 = Release|Any CPU
		{7CB694E8-3EB8-4633-8886-1B1829C79751}.Debug|Any CPU.ActiveCfg = Debug|Any CPU
		{7CB694E8-3EB8-4633-8886-1B1829C79751}.Debug|Any CPU.Build.0 = Debug|Any CPU
		{7CB694E8-3EB8-4633-8886-1B1829C79751}.Debug|Any CPU.Deploy.0 = Debug|Any CPU
		{7CB694E8-3EB8-4633-8886-1B1829C79751}.Release|Any CPU.ActiveCfg = Release|Any CPU
		{7CB694E8-3EB8-4633-8886-1B1829C79751}.Release|Any CPU.Build.0 = Release|Any CPU
		{7CB694E8-3EB8-4633-8886-1B1829C79751}.Release|Any CPU.Deploy.0 = Release|Any CPU
		{76038BE4-5F49-4867-8D91-B654DAD678DB}.Debug|Any CPU.ActiveCfg = Debug|Any CPU
		{76038BE4-5F49-4867-8D91-B654DAD678DB}.Debug|Any CPU.Build.0 = Debug|Any CPU
		{76038BE4-5F49-4867-8D91-B654DAD678DB}.Debug|Any CPU.Deploy.0 = Debug|Any CPU
		{76038BE4-5F49-4867-8D91-B654DAD678DB}.Release|Any CPU.ActiveCfg = Release|Any CPU
		{76038BE4-5F49-4867-8D91-B654DAD678DB}.Release|Any CPU.Build.0 = Release|Any CPU
		{76038BE4-5F49-4867-8D91-B654DAD678DB}.Release|Any CPU.Deploy.0 = Release|Any CPU
		{94AD7599-59B9-4EB4-B603-9530646519CF}.Debug|Any CPU.ActiveCfg = Debug|Any CPU
		{94AD7599-59B9-4EB4-B603-9530646519CF}.Debug|Any CPU.Build.0 = Debug|Any CPU
		{94AD7599-59B9-4EB4-B603-9530646519CF}.Debug|Any CPU.Deploy.0 = Debug|Any CPU
		{94AD7599-59B9-4EB4-B603-9530646519CF}.Release|Any CPU.ActiveCfg = Release|Any CPU
		{94AD7599-59B9-4EB4-B603-9530646519CF}.Release|Any CPU.Build.0 = Release|Any CPU
		{94AD7599-59B9-4EB4-B603-9530646519CF}.Release|Any CPU.Deploy.0 = Release|Any CPU
		{8FBA77D2-0CE4-4CCF-BBE9-AB45703ED898}.Debug|Any CPU.ActiveCfg = Debug|Any CPU
		{8FBA77D2-0CE4-4CCF-BBE9-AB45703ED898}.Debug|Any CPU.Build.0 = Debug|Any CPU
		{8FBA77D2-0CE4-4CCF-BBE9-AB45703ED898}.Debug|Any CPU.Deploy.0 = Debug|Any CPU
		{8FBA77D2-0CE4-4CCF-BBE9-AB45703ED898}.Release|Any CPU.ActiveCfg = Release|Any CPU
		{8FBA77D2-0CE4-4CCF-BBE9-AB45703ED898}.Release|Any CPU.Build.0 = Release|Any CPU
		{8FBA77D2-0CE4-4CCF-BBE9-AB45703ED898}.Release|Any CPU.Deploy.0 = Release|Any CPU
	EndGlobalSection
	GlobalSection(SolutionProperties) = preSolution
		HideSolutionNode = FALSE
	EndGlobalSection
	GlobalSection(ExtensibilityGlobals) = postSolution
		SolutionGuid = {6492CF63-D754-4C76-8391-FBC0490BDA06}
	EndGlobalSection
EndGlobal
